
Microsoft Visual Studio Solution File, Format Version 12.00
# Visual Studio Version 17
VisualStudioVersion = 17.11.35312.102
MinimumVisualStudioVersion = 10.0.40219.1
Project("{FAE04EC0-301F-11D3-BF4B-00C04F79EFBC}") = "EcommerceAPI", "EcommerceAPI\EcommerceAPI.csproj", "{B9171D6C-03A9-4018-9B3F-CA2BF2283F2C}"
EndProject
Global
	GlobalSection(SolutionConfigurationPlatforms) = preSolution
		Debug|Any CPU = Debug|Any CPU
		Release|Any CPU = Release|Any CPU
	EndGlobalSection
	GlobalSection(ProjectConfigurationPlatforms) = postSolution
		{B9171D6C-03A9-4018-9B3F-CA2BF2283F2C}.Debug|Any CPU.ActiveCfg = Debug|Any CPU
		{B9171D6C-03A9-4018-9B3F-CA2BF2283F2C}.Debug|Any CPU.Build.0 = Debug|Any CPU
		{B9171D6C-03A9-4018-9B3F-CA2BF2283F2C}.Release|Any CPU.ActiveCfg = Release|Any CPU
		{B9171D6C-03A9-4018-9B3F-CA2BF2283F2C}.Release|Any CPU.Build.0 = Release|Any CPU
	EndGlobalSection
	GlobalSection(SolutionProperties) = preSolution
		HideSolutionNode = FALSE
	EndGlobalSection
	GlobalSection(ExtensibilityGlobals) = postSolution
		SolutionGuid = {41D54570-63F9-43AA-B7F3-426A30F6619A}
	EndGlobalSection
EndGlobal
